
Microsoft Visual Studio Solution File, Format Version 12.00
# Visual Studio 2013
VisualStudioVersion = 12.0.30110.0
MinimumVisualStudioVersion = 10.0.40219.1
Project("{FAE04EC0-301F-11D3-BF4B-00C04F79EFBC}") = "MaxBox.Core", "MaxBox.Core\MaxBox.Core.csproj", "{D946BBE6-4202-4C4E-9602-88B18D86FE13}"
EndProject
Project("{FAE04EC0-301F-11D3-BF4B-00C04F79EFBC}") = "MaxBox.Test", "MaxBox.Test\MaxBox.Test.csproj", "{CB20A619-B1FF-4942-A4A0-21276F4B7D73}"
EndProject
Project("{2150E333-8FDC-42A3-9474-1A3956D46DE8}") = "src", "src", "{68DB6925-47CA-4D16-BF83-9C3C3BB9DE92}"
EndProject
Project("{FAE04EC0-301F-11D3-BF4B-00C04F79EFBC}") = "MaxBox.Test.AssemblyDummy", "MaxBox.Test.AssemblyDummy\MaxBox.Test.AssemblyDummy.csproj", "{FA976B64-F0E9-425F-9DB8-56757D515674}"
EndProject
Global
	GlobalSection(SolutionConfigurationPlatforms) = preSolution
		Debug|Any CPU = Debug|Any CPU
		Release|Any CPU = Release|Any CPU
	EndGlobalSection
	GlobalSection(ProjectConfigurationPlatforms) = postSolution
		{D946BBE6-4202-4C4E-9602-88B18D86FE13}.Debug|Any CPU.ActiveCfg = Debug|Any CPU
		{D946BBE6-4202-4C4E-9602-88B18D86FE13}.Debug|Any CPU.Build.0 = Debug|Any CPU
		{D946BBE6-4202-4C4E-9602-88B18D86FE13}.Release|Any CPU.ActiveCfg = Release|Any CPU
		{D946BBE6-4202-4C4E-9602-88B18D86FE13}.Release|Any CPU.Build.0 = Release|Any CPU
		{CB20A619-B1FF-4942-A4A0-21276F4B7D73}.Debug|Any CPU.ActiveCfg = Debug|Any CPU
		{CB20A619-B1FF-4942-A4A0-21276F4B7D73}.Debug|Any CPU.Build.0 = Debug|Any CPU
		{CB20A619-B1FF-4942-A4A0-21276F4B7D73}.Release|Any CPU.ActiveCfg = Release|Any CPU
		{CB20A619-B1FF-4942-A4A0-21276F4B7D73}.Release|Any CPU.Build.0 = Release|Any CPU
		{FA976B64-F0E9-425F-9DB8-56757D515674}.Debug|Any CPU.ActiveCfg = Debug|Any CPU
		{FA976B64-F0E9-425F-9DB8-56757D515674}.Debug|Any CPU.Build.0 = Debug|Any CPU
		{FA976B64-F0E9-425F-9DB8-56757D515674}.Release|Any CPU.ActiveCfg = Release|Any CPU
		{FA976B64-F0E9-425F-9DB8-56757D515674}.Release|Any CPU.Build.0 = Release|Any CPU
	EndGlobalSection
	GlobalSection(SolutionProperties) = preSolution
		HideSolutionNode = FALSE
	EndGlobalSection
	GlobalSection(NestedProjects) = preSolution
		{CB20A619-B1FF-4942-A4A0-21276F4B7D73} = {68DB6925-47CA-4D16-BF83-9C3C3BB9DE92}
		{D946BBE6-4202-4C4E-9602-88B18D86FE13} = {68DB6925-47CA-4D16-BF83-9C3C3BB9DE92}
		{FA976B64-F0E9-425F-9DB8-56757D515674} = {68DB6925-47CA-4D16-BF83-9C3C3BB9DE92}
	EndGlobalSection
EndGlobal
